
Microsoft Visual Studio Solution File, Format Version 12.00
# Visual Studio Version 17
VisualStudioVersion = 17.7.34018.315
MinimumVisualStudioVersion = 10.0.40219.1
Project("{FAE04EC0-301F-11D3-BF4B-00C04F79EFBC}") = "Market.Shared", "Market.Shared\Market.Shared.csproj", "{DD5FFB1A-0024-403F-8D2F-4B8969AA076D}"
EndProject
Project("{FAE04EC0-301F-11D3-BF4B-00C04F79EFBC}") = "Market.API", "Market.API\Market.API.csproj", "{47D7E306-E4A7-40D7-ADE1-24F157B15F6C}"
EndProject
Project("{FAE04EC0-301F-11D3-BF4B-00C04F79EFBC}") = "Market.WEB", "Market.WEB\Market.WEB.csproj", "{C2E7503B-FD46-4864-A20A-0BF5E5E601BA}"
EndProject
Project("{FAE04EC0-301F-11D3-BF4B-00C04F79EFBC}") = "Maeket.MAUI", "Maeket.MAUI\Maeket.MAUI.csproj", "{C8D2A85D-0227-42C9-866F-0A59A8779708}"
EndProject
Global
	GlobalSection(SolutionConfigurationPlatforms) = preSolution
		Debug|Any CPU = Debug|Any CPU
		Release|Any CPU = Release|Any CPU
	EndGlobalSection
	GlobalSection(ProjectConfigurationPlatforms) = postSolution
		{DD5FFB1A-0024-403F-8D2F-4B8969AA076D}.Debug|Any CPU.ActiveCfg = Debug|Any CPU
		{DD5FFB1A-0024-403F-8D2F-4B8969AA076D}.Debug|Any CPU.Build.0 = Debug|Any CPU
		{DD5FFB1A-0024-403F-8D2F-4B8969AA076D}.Release|Any CPU.ActiveCfg = Release|Any CPU
		{DD5FFB1A-0024-403F-8D2F-4B8969AA076D}.Release|Any CPU.Build.0 = Release|Any CPU
		{47D7E306-E4A7-40D7-ADE1-24F157B15F6C}.Debug|Any CPU.ActiveCfg = Debug|Any CPU
		{47D7E306-E4A7-40D7-ADE1-24F157B15F6C}.Debug|Any CPU.Build.0 = Debug|Any CPU
		{47D7E306-E4A7-40D7-ADE1-24F157B15F6C}.Release|Any CPU.ActiveCfg = Release|Any CPU
		{47D7E306-E4A7-40D7-ADE1-24F157B15F6C}.Release|Any CPU.Build.0 = Release|Any CPU
		{C2E7503B-FD46-4864-A20A-0BF5E5E601BA}.Debug|Any CPU.ActiveCfg = Debug|Any CPU
		{C2E7503B-FD46-4864-A20A-0BF5E5E601BA}.Debug|Any CPU.Build.0 = Debug|Any CPU
		{C2E7503B-FD46-4864-A20A-0BF5E5E601BA}.Release|Any CPU.ActiveCfg = Release|Any CPU
		{C2E7503B-FD46-4864-A20A-0BF5E5E601BA}.Release|Any CPU.Build.0 = Release|Any CPU
		{C8D2A85D-0227-42C9-866F-0A59A8779708}.Debug|Any CPU.ActiveCfg = Debug|Any CPU
		{C8D2A85D-0227-42C9-866F-0A59A8779708}.Debug|Any CPU.Build.0 = Debug|Any CPU
		{C8D2A85D-0227-42C9-866F-0A59A8779708}.Debug|Any CPU.Deploy.0 = Debug|Any CPU
		{C8D2A85D-0227-42C9-866F-0A59A8779708}.Release|Any CPU.ActiveCfg = Release|Any CPU
		{C8D2A85D-0227-42C9-866F-0A59A8779708}.Release|Any CPU.Build.0 = Release|Any CPU
		{C8D2A85D-0227-42C9-866F-0A59A8779708}.Release|Any CPU.Deploy.0 = Release|Any CPU
	EndGlobalSection
	GlobalSection(SolutionProperties) = preSolution
		HideSolutionNode = FALSE
	EndGlobalSection
	GlobalSection(ExtensibilityGlobals) = postSolution
		SolutionGuid = {FAF19CBA-19F5-4B73-A7ED-54536ABB1FFB}
	EndGlobalSection
EndGlobal
